{
  "name": "miniprogram-ts-less-quickstart",
  "version": "1.0.0",
  "lockfileVersion": 2,
  "requires": true,
  "packages": {
    "": {
      "name": "miniprogram-ts-less-quickstart",
      "version": "1.0.0",
      "dependencies": {
        "@vant/weapp": "^1.11.5",
        "wechat-http": "^0.0.8"
      },
      "devDependencies": {
        "miniprogram-api-typings": "^2.12.0"
      }
    },
    "node_modules/@vant/weapp": {
      "version": "1.11.5",
      "resolved": "https://registry.npmjs.org/@vant/weapp/-/weapp-1.11.5.tgz",
      "integrity": "sha512-F/yebMtysTaDrqpCyk6AdQrY3lDB7y5TXNwHtBarxtL2NZzoH+D6pBwz9nY+d0vCin0w0IH9kDF57yb/BP3mNA=="
    },
    "node_modules/miniprogram-api-typings": {
      "version": "2.12.0",
      "resolved": "https://registry.npmjs.org/miniprogram-api-typings/-/miniprogram-api-typings-2.12.0.tgz",
      "integrity": "sha512-ibvbqeslVFur0IAvTxLMvsbtvVcMo6gwvOnj0YZHV7aeDLu091VQRrETT2QuiG9P6aZWRcxeNGJChRKVPCp9VQ==",
      "dev": true
    },
    "node_modules/wechat-http": {
      "version": "0.0.8",
      "resolved": "https://registry.npmjs.org/wechat-http/-/wechat-http-0.0.8.tgz",
      "integrity": "sha512-spvBIryhWCJHktZxKju78pr6qOSL77LMZx12Z8c8P6DArOk8+C/19IcsvX4brxJT1/57dr2Y9WdLtF/bNxyFGA=="
    }
  },
  "dependencies": {
    "@vant/weapp": {
      "version": "1.11.5",
      "resolved": "https://registry.npmjs.org/@vant/weapp/-/weapp-1.11.5.tgz",
      "integrity": "sha512-F/yebMtysTaDrqpCyk6AdQrY3lDB7y5TXNwHtBarxtL2NZzoH+D6pBwz9nY+d0vCin0w0IH9kDF57yb/BP3mNA=="
    },
    "miniprogram-api-typings": {
      "version": "2.12.0",
      "resolved": "https://registry.npmjs.org/miniprogram-api-typings/-/miniprogram-api-typings-2.12.0.tgz",
      "integrity": "sha512-ibvbqeslVFur0IAvTxLMvsbtvVcMo6gwvOnj0YZHV7aeDLu091VQRrETT2QuiG9P6aZWRcxeNGJChRKVPCp9VQ==",
      "dev": true
    },
    "wechat-http": {
      "version": "0.0.8",
      "resolved": "https://registry.npmjs.org/wechat-http/-/wechat-http-0.0.8.tgz",
      "integrity": "sha512-spvBIryhWCJHktZxKju78pr6qOSL77LMZx12Z8c8P6DArOk8+C/19IcsvX4brxJT1/57dr2Y9WdLtF/bNxyFGA=="
    }
  }
}
